
Microsoft Visual Studio Solution File, Format Version 12.00
# Visual Studio 15
Project("{FAE04EC0-301F-11D3-BF4B-00C04F79EFBC}") = "Assembly-CSharp", "Assembly-CSharp.csproj", "{CBC2BEF0-808B-0F19-143C-471C3C95713B}"
EndProject
Global
	GlobalSection(SolutionConfigurationPlatforms) = preSolution
		Debug|Any CPU = Debug|Any CPU
		Release|Any CPU = Release|Any CPU
	EndGlobalSection
	GlobalSection(ProjectConfigurationPlatforms) = postSolution
		{CBC2BEF0-808B-0F19-143C-471C3C95713B}.Debug|Any CPU.ActiveCfg = Debug|Any CPU
		{CBC2BEF0-808B-0F19-143C-471C3C95713B}.Debug|Any CPU.Build.0 = Debug|Any CPU
		{CBC2BEF0-808B-0F19-143C-471C3C95713B}.Release|Any CPU.ActiveCfg = Release|Any CPU
		{CBC2BEF0-808B-0F19-143C-471C3C95713B}.Release|Any CPU.Build.0 = Release|Any CPU
	EndGlobalSection
	GlobalSection(SolutionProperties) = preSolution
		HideSolutionNode = FALSE
	EndGlobalSection
EndGlobal
